// !$*UTF8*$!
{
	archiveVersion = 1;
	classes = {
	};
	objectVersion = 48;
	objects = {

/* Begin PBXBuildFile section */
		4620CE3E2095112000FBCA18 /* ViewController4.swift in Sources */ = {isa = PBXBuildFile; fileRef = 4620CE3D2095112000FBCA18 /* ViewController4.swift */; };
		462D333B2097B5520030881A /* Sacarosa.dae in Resources */ = {isa = PBXBuildFile; fileRef = 462D33322097B5500030881A /* Sacarosa.dae */; };
		462D333C2097B5520030881A /* Butano.dae in Resources */ = {isa = PBXBuildFile; fileRef = 462D33332097B5510030881A /* Butano.dae */; };
		462D333D2097B5520030881A /* DioxidoDeCarbono.dae in Resources */ = {isa = PBXBuildFile; fileRef = 462D33342097B5510030881A /* DioxidoDeCarbono.dae */; };
		462D333E2097B5520030881A /* Oxigeno.dae in Resources */ = {isa = PBXBuildFile; fileRef = 462D33352097B5510030881A /* Oxigeno.dae */; };
		462D333F2097B5520030881A /* VaporDeAgua.dae in Resources */ = {isa = PBXBuildFile; fileRef = 462D33362097B5510030881A /* VaporDeAgua.dae */; };
		462D33402097B5520030881A /* Glucosa.dae in Resources */ = {isa = PBXBuildFile; fileRef = 462D33372097B5510030881A /* Glucosa.dae */; };
		462D33412097B5520030881A /* Metano.dae in Resources */ = {isa = PBXBuildFile; fileRef = 462D33382097B5510030881A /* Metano.dae */; };
		462D33422097B5520030881A /* Octano.dae in Resources */ = {isa = PBXBuildFile; fileRef = 462D33392097B5510030881A /* Octano.dae */; };
		462D33432097B5520030881A /* Fructuosa.dae in Resources */ = {isa = PBXBuildFile; fileRef = 462D333A2097B5510030881A /* Fructuosa.dae */; };
		462D33452097B5620030881A /* VaporDeAgua.scn in Resources */ = {isa = PBXBuildFile; fileRef = 462D33442097B5620030881A /* VaporDeAgua.scn */; };
		462D33472097B5690030881A /* Sacarosa.scn in Resources */ = {isa = PBXBuildFile; fileRef = 462D33462097B5690030881A /* Sacarosa.scn */; };
		462D334B2097B57D0030881A /* Octano.scn in Resources */ = {isa = PBXBuildFile; fileRef = 462D334A2097B57D0030881A /* Octano.scn */; };
		462D334D2097B5850030881A /* Metano.scn in Resources */ = {isa = PBXBuildFile; fileRef = 462D334C2097B5850030881A /* Metano.scn */; };
		462D334F2097B5930030881A /* Glucosa.scn in Resources */ = {isa = PBXBuildFile; fileRef = 462D334E2097B5930030881A /* Glucosa.scn */; };
		462D33512097B59A0030881A /* Fructuosa.scn in Resources */ = {isa = PBXBuildFile; fileRef = 462D33502097B59A0030881A /* Fructuosa.scn */; };
		462D33532097B5A20030881A /* DioxidoDeCarbono.scn in Resources */ = {isa = PBXBuildFile; fileRef = 462D33522097B5A20030881A /* DioxidoDeCarbono.scn */; };
		462D33552097B5A90030881A /* Butano.scn in Resources */ = {isa = PBXBuildFile; fileRef = 462D33542097B5A90030881A /* Butano.scn */; };
		462D33572097BCE50030881A /* Oxigeno.scn in Resources */ = {isa = PBXBuildFile; fileRef = 462D33562097BCE50030881A /* Oxigeno.scn */; };
		462D33652097C4FB0030881A /* Main iPhone 8 Plus.storyboard in Resources */ = {isa = PBXBuildFile; fileRef = 462D33612097C4FB0030881A /* Main iPhone 8 Plus.storyboard */; };
		462D33662097C4FB0030881A /* Main iPad.storyboard in Resources */ = {isa = PBXBuildFile; fileRef = 462D33632097C4FB0030881A /* Main iPad.storyboard */; };
		46339A672076580800FB45F0 /* AppDelegate.swift in Sources */ = {isa = PBXBuildFile; fileRef = 46339A662076580800FB45F0 /* AppDelegate.swift */; };
		46339A692076580800FB45F0 /* ViewController.swift in Sources */ = {isa = PBXBuildFile; fileRef = 46339A682076580800FB45F0 /* ViewController.swift */; };
		46339A6C2076580800FB45F0 /* Main.storyboard in Resources */ = {isa = PBXBuildFile; fileRef = 46339A6A2076580800FB45F0 /* Main.storyboard */; };
		46339A6E2076580900FB45F0 /* Assets.xcassets in Resources */ = {isa = PBXBuildFile; fileRef = 46339A6D2076580900FB45F0 /* Assets.xcassets */; };
		46339A712076580900FB45F0 /* LaunchScreen.storyboard in Resources */ = {isa = PBXBuildFile; fileRef = 46339A6F2076580900FB45F0 /* LaunchScreen.storyboard */; };
		46339A7C2076580900FB45F0 /* ReaccionesQuimicasTests.swift in Sources */ = {isa = PBXBuildFile; fileRef = 46339A7B2076580900FB45F0 /* ReaccionesQuimicasTests.swift */; };
		46339A872076580900FB45F0 /* ReaccionesQuimicasUITests.swift in Sources */ = {isa = PBXBuildFile; fileRef = 46339A862076580900FB45F0 /* ReaccionesQuimicasUITests.swift */; };
		46339A9C20765AE100FB45F0 /* Main iPhone 8.storyboard in Resources */ = {isa = PBXBuildFile; fileRef = 46339A9820765AE100FB45F0 /* Main iPhone 8.storyboard */; };
		467E8E9220922FA40079431F /* ViewController3.swift in Sources */ = {isa = PBXBuildFile; fileRef = 467E8E9120922FA40079431F /* ViewController3.swift */; };
		467E8E9520923DCE0079431F /* reacciones.json in Resources */ = {isa = PBXBuildFile; fileRef = 467E8E9320923DCD0079431F /* reacciones.json */; };
		467E8E9620923DCE0079431F /* compuestos.json in Resources */ = {isa = PBXBuildFile; fileRef = 467E8E9420923DCD0079431F /* compuestos.json */; };
		46A7CF892096CBBD00559822 /* ViewController5.swift in Sources */ = {isa = PBXBuildFile; fileRef = 46A7CF882096CBBD00559822 /* ViewController5.swift */; };
		46A7CF8B209782A400559822 /* ViewControllerModelo.swift in Sources */ = {isa = PBXBuildFile; fileRef = 46A7CF8A209782A400559822 /* ViewControllerModelo.swift */; };
		46B56E85208FC7A6007EECAE /* ViewController2.swift in Sources */ = {isa = PBXBuildFile; fileRef = 46B56E84208FC7A6007EECAE /* ViewController2.swift */; };
/* End PBXBuildFile section */

/* Begin PBXContainerItemProxy section */
		46339A782076580900FB45F0 /* PBXContainerItemProxy */ = {
			isa = PBXContainerItemProxy;
			containerPortal = 46339A5B2076580800FB45F0 /* Project object */;
			proxyType = 1;
			remoteGlobalIDString = 46339A622076580800FB45F0;
			remoteInfo = ReaccionesQuimicas;
		};
		46339A832076580900FB45F0 /* PBXContainerItemProxy */ = {
			isa = PBXContainerItemProxy;
			containerPortal = 46339A5B2076580800FB45F0 /* Project object */;
			proxyType = 1;
			remoteGlobalIDString = 46339A622076580800FB45F0;
			remoteInfo = ReaccionesQuimicas;
		};
/* End PBXContainerItemProxy section */

/* Begin PBXFileReference section */
		4620CE3D2095112000FBCA18 /* ViewController4.swift */ = {isa = PBXFileReference; lastKnownFileType = sourcecode.swift; path = ViewController4.swift; sourceTree = "<group>"; };
		462D33322097B5500030881A /* Sacarosa.dae */ = {isa = PBXFileReference; fileEncoding = 4; lastKnownFileType = text.xml.dae; name = Sacarosa.dae; path = Modelos3D/Sacarosa.dae; sourceTree = "<group>"; };
		462D33332097B5510030881A /* Butano.dae */ = {isa = PBXFileReference; fileEncoding = 4; lastKnownFileType = text.xml.dae; name = Butano.dae; path = Modelos3D/Butano.dae; sourceTree = "<group>"; };
		462D33342097B5510030881A /* DioxidoDeCarbono.dae */ = {isa = PBXFileReference; fileEncoding = 4; lastKnownFileType = text.xml.dae; name = DioxidoDeCarbono.dae; path = Modelos3D/DioxidoDeCarbono.dae; sourceTree = "<group>"; };
		462D33352097B5510030881A /* Oxigeno.dae */ = {isa = PBXFileReference; fileEncoding = 4; lastKnownFileType = text.xml.dae; name = Oxigeno.dae; path = Modelos3D/Oxigeno.dae; sourceTree = "<group>"; };
		462D33362097B5510030881A /* VaporDeAgua.dae */ = {isa = PBXFileReference; fileEncoding = 4; lastKnownFileType = text.xml.dae; name = VaporDeAgua.dae; path = Modelos3D/VaporDeAgua.dae; sourceTree = "<group>"; };
		462D33372097B5510030881A /* Glucosa.dae */ = {isa = PBXFileReference; fileEncoding = 4; lastKnownFileType = text.xml.dae; name = Glucosa.dae; path = Modelos3D/Glucosa.dae; sourceTree = "<group>"; };
		462D33382097B5510030881A /* Metano.dae */ = {isa = PBXFileReference; fileEncoding = 4; lastKnownFileType = text.xml.dae; name = Metano.dae; path = Modelos3D/Metano.dae; sourceTree = "<group>"; };
		462D33392097B5510030881A /* Octano.dae */ = {isa = PBXFileReference; fileEncoding = 4; lastKnownFileType = text.xml.dae; name = Octano.dae; path = Modelos3D/Octano.dae; sourceTree = "<group>"; };
		462D333A2097B5510030881A /* Fructuosa.dae */ = {isa = PBXFileReference; fileEncoding = 4; lastKnownFileType = text.xml.dae; name = Fructuosa.dae; path = Modelos3D/Fructuosa.dae; sourceTree = "<group>"; };
		462D33442097B5620030881A /* VaporDeAgua.scn */ = {isa = PBXFileReference; lastKnownFileType = file.bplist; name = VaporDeAgua.scn; path = Modelos3D/VaporDeAgua.scn; sourceTree = "<group>"; };
		462D33462097B5690030881A /* Sacarosa.scn */ = {isa = PBXFileReference; lastKnownFileType = file.bplist; path = Sacarosa.scn; sourceTree = "<group>"; };
		462D334A2097B57D0030881A /* Octano.scn */ = {isa = PBXFileReference; lastKnownFileType = file.bplist; name = Octano.scn; path = Modelos3D/Octano.scn; sourceTree = "<group>"; };
		462D334C2097B5850030881A /* Metano.scn */ = {isa = PBXFileReference; lastKnownFileType = file.bplist; name = Metano.scn; path = Modelos3D/Metano.scn; sourceTree = "<group>"; };
		462D334E2097B5930030881A /* Glucosa.scn */ = {isa = PBXFileReference; lastKnownFileType = file.bplist; name = Glucosa.scn; path = Modelos3D/Glucosa.scn; sourceTree = "<group>"; };
		462D33502097B59A0030881A /* Fructuosa.scn */ = {isa = PBXFileReference; lastKnownFileType = file.bplist; name = Fructuosa.scn; path = Modelos3D/Fructuosa.scn; sourceTree = "<group>"; };
		462D33522097B5A20030881A /* DioxidoDeCarbono.scn */ = {isa = PBXFileReference; lastKnownFileType = file.bplist; name = DioxidoDeCarbono.scn; path = Modelos3D/DioxidoDeCarbono.scn; sourceTree = "<group>"; };
		462D33542097B5A90030881A /* Butano.scn */ = {isa = PBXFileReference; lastKnownFileType = file.bplist; name = Butano.scn; path = Modelos3D/Butano.scn; sourceTree = "<group>"; };
		462D33562097BCE50030881A /* Oxigeno.scn */ = {isa = PBXFileReference; lastKnownFileType = file.bplist; name = Oxigeno.scn; path = Modelos3D/Oxigeno.scn; sourceTree = "<group>"; };
		462D335D2097C1670030881A /* OxigenoAR.scn */ = {isa = PBXFileReference; lastKnownFileType = file.bplist; name = OxigenoAR.scn; path = Modelos3D/OxigenoAR.scn; sourceTree = "<group>"; };
		462D33602097C43D0030881A /* OxigenoAR2.scn */ = {isa = PBXFileReference; lastKnownFileType = file.bplist; name = OxigenoAR2.scn; path = Modelos3D/OxigenoAR2.scn; sourceTree = "<group>"; };
		462D33622097C4FB0030881A /* Base */ = {isa = PBXFileReference; lastKnownFileType = file.storyboard; name = Base; path = "Base.lproj/Main iPhone 8 Plus.storyboard"; sourceTree = "<group>"; };
		462D33642097C4FB0030881A /* Base */ = {isa = PBXFileReference; lastKnownFileType = file.storyboard; name = Base; path = "Base.lproj/Main iPad.storyboard"; sourceTree = "<group>"; };
		46339A632076580800FB45F0 /* ReaccionesQuimicas.app */ = {isa = PBXFileReference; explicitFileType = wrapper.application; includeInIndex = 0; path = ReaccionesQuimicas.app; sourceTree = BUILT_PRODUCTS_DIR; };
		46339A662076580800FB45F0 /* AppDelegate.swift */ = {isa = PBXFileReference; lastKnownFileType = sourcecode.swift; path = AppDelegate.swift; sourceTree = "<group>"; };
		46339A682076580800FB45F0 /* ViewController.swift */ = {isa = PBXFileReference; lastKnownFileType = sourcecode.swift; path = ViewController.swift; sourceTree = "<group>"; };
		46339A6B2076580800FB45F0 /* Base */ = {isa = PBXFileReference; lastKnownFileType = file.storyboard; name = Base; path = Base.lproj/Main.storyboard; sourceTree = "<group>"; };
		46339A6D2076580900FB45F0 /* Assets.xcassets */ = {isa = PBXFileReference; lastKnownFileType = folder.assetcatalog; path = Assets.xcassets; sourceTree = "<group>"; };
		46339A702076580900FB45F0 /* Base */ = {isa = PBXFileReference; lastKnownFileType = file.storyboard; name = Base; path = Base.lproj/LaunchScreen.storyboard; sourceTree = "<group>"; };
		46339A722076580900FB45F0 /* Info.plist */ = {isa = PBXFileReference; lastKnownFileType = text.plist.xml; path = Info.plist; sourceTree = "<group>"; };
		46339A772076580900FB45F0 /* ReaccionesQuimicasTests.xctest */ = {isa = PBXFileReference; explicitFileType = wrapper.cfbundle; includeInIndex = 0; path = ReaccionesQuimicasTests.xctest; sourceTree = BUILT_PRODUCTS_DIR; };
		46339A7B2076580900FB45F0 /* ReaccionesQuimicasTests.swift */ = {isa = PBXFileReference; lastKnownFileType = sourcecode.swift; path = ReaccionesQuimicasTests.swift; sourceTree = "<group>"; };
		46339A7D2076580900FB45F0 /* Info.plist */ = {isa = PBXFileReference; lastKnownFileType = text.plist.xml; path = Info.plist; sourceTree = "<group>"; };
		46339A822076580900FB45F0 /* ReaccionesQuimicasUITests.xctest */ = {isa = PBXFileReference; explicitFileType = wrapper.cfbundle; includeInIndex = 0; path = ReaccionesQuimicasUITests.xctest; sourceTree = BUILT_PRODUCTS_DIR; };
		46339A862076580900FB45F0 /* ReaccionesQuimicasUITests.swift */ = {isa = PBXFileReference; lastKnownFileType = sourcecode.swift; path = ReaccionesQuimicasUITests.swift; sourceTree = "<group>"; };
		46339A882076580900FB45F0 /* Info.plist */ = {isa = PBXFileReference; lastKnownFileType = text.plist.xml; path = Info.plist; sourceTree = "<group>"; };
		46339A9920765AE100FB45F0 /* Base */ = {isa = PBXFileReference; lastKnownFileType = file.storyboard; name = Base; path = "Base.lproj/Main iPhone 8.storyboard"; sourceTree = "<group>"; };
		467E8E9120922FA40079431F /* ViewController3.swift */ = {isa = PBXFileReference; lastKnownFileType = sourcecode.swift; path = ViewController3.swift; sourceTree = "<group>"; };
		467E8E9320923DCD0079431F /* reacciones.json */ = {isa = PBXFileReference; fileEncoding = 4; lastKnownFileType = text.json; path = reacciones.json; sourceTree = "<group>"; xcLanguageSpecificationIdentifier = xcode.lang.javascript; };
		467E8E9420923DCD0079431F /* compuestos.json */ = {isa = PBXFileReference; fileEncoding = 4; lastKnownFileType = text.json; path = compuestos.json; sourceTree = "<group>"; };
		46A7CF882096CBBD00559822 /* ViewController5.swift */ = {isa = PBXFileReference; lastKnownFileType = sourcecode.swift; path = ViewController5.swift; sourceTree = "<group>"; };
		46A7CF8A209782A400559822 /* ViewControllerModelo.swift */ = {isa = PBXFileReference; lastKnownFileType = sourcecode.swift; path = ViewControllerModelo.swift; sourceTree = "<group>"; };
		46B56E84208FC7A6007EECAE /* ViewController2.swift */ = {isa = PBXFileReference; lastKnownFileType = sourcecode.swift; path = ViewController2.swift; sourceTree = "<group>"; };
/* End PBXFileReference section */

/* Begin PBXFrameworksBuildPhase section */
		46339A602076580800FB45F0 /* Frameworks */ = {
			isa = PBXFrameworksBuildPhase;
			buildActionMask = 2147483647;
			files = (
			);
			runOnlyForDeploymentPostprocessing = 0;
		};
		46339A742076580900FB45F0 /* Frameworks */ = {
			isa = PBXFrameworksBuildPhase;
			buildActionMask = 2147483647;
			files = (
			);
			runOnlyForDeploymentPostprocessing = 0;
		};
		46339A7F2076580900FB45F0 /* Frameworks */ = {
			isa = PBXFrameworksBuildPhase;
			buildActionMask = 2147483647;
			files = (
			);
			runOnlyForDeploymentPostprocessing = 0;
		};
/* End PBXFrameworksBuildPhase section */

/* Begin PBXGroup section */
		46339A5A2076580800FB45F0 = {
			isa = PBXGroup;
			children = (
				46339A652076580800FB45F0 /* ReaccionesQuimicas */,
				46339A7A2076580900FB45F0 /* ReaccionesQuimicasTests */,
				46339A852076580900FB45F0 /* ReaccionesQuimicasUITests */,
				46339A642076580800FB45F0 /* Products */,
			);
			sourceTree = "<group>";
		};
		46339A642076580800FB45F0 /* Products */ = {
			isa = PBXGroup;
			children = (
				46339A632076580800FB45F0 /* ReaccionesQuimicas.app */,
				46339A772076580900FB45F0 /* ReaccionesQuimicasTests.xctest */,
				46339A822076580900FB45F0 /* ReaccionesQuimicasUITests.xctest */,
			);
			name = Products;
			sourceTree = "<group>";
		};
		46339A652076580800FB45F0 /* ReaccionesQuimicas */ = {
			isa = PBXGroup;
			children = (
				462D33602097C43D0030881A /* OxigenoAR2.scn */,
				462D335D2097C1670030881A /* OxigenoAR.scn */,
				462D33332097B5510030881A /* Butano.dae */,
				462D33542097B5A90030881A /* Butano.scn */,
				462D33342097B5510030881A /* DioxidoDeCarbono.dae */,
				462D33522097B5A20030881A /* DioxidoDeCarbono.scn */,
				462D333A2097B5510030881A /* Fructuosa.dae */,
				462D33502097B59A0030881A /* Fructuosa.scn */,
				462D33372097B5510030881A /* Glucosa.dae */,
				462D334E2097B5930030881A /* Glucosa.scn */,
				462D33382097B5510030881A /* Metano.dae */,
				462D334C2097B5850030881A /* Metano.scn */,
				462D33392097B5510030881A /* Octano.dae */,
				462D334A2097B57D0030881A /* Octano.scn */,
				462D33352097B5510030881A /* Oxigeno.dae */,
				462D33562097BCE50030881A /* Oxigeno.scn */,
				462D33322097B5500030881A /* Sacarosa.dae */,
				462D33462097B5690030881A /* Sacarosa.scn */,
				462D33362097B5510030881A /* VaporDeAgua.dae */,
				462D33442097B5620030881A /* VaporDeAgua.scn */,
				467E8E9420923DCD0079431F /* compuestos.json */,
				467E8E9320923DCD0079431F /* reacciones.json */,
				46339A662076580800FB45F0 /* AppDelegate.swift */,
				46339A682076580800FB45F0 /* ViewController.swift */,
				46B56E84208FC7A6007EECAE /* ViewController2.swift */,
				467E8E9120922FA40079431F /* ViewController3.swift */,
				4620CE3D2095112000FBCA18 /* ViewController4.swift */,
				46A7CF882096CBBD00559822 /* ViewController5.swift */,
				46A7CF8A209782A400559822 /* ViewControllerModelo.swift */,
				46339A6A2076580800FB45F0 /* Main.storyboard */,
				46339A9820765AE100FB45F0 /* Main iPhone 8.storyboard */,
				462D33632097C4FB0030881A /* Main iPad.storyboard */,
				462D33612097C4FB0030881A /* Main iPhone 8 Plus.storyboard */,
				46339A6D2076580900FB45F0 /* Assets.xcassets */,
				46339A6F2076580900FB45F0 /* LaunchScreen.storyboard */,
				46339A722076580900FB45F0 /* Info.plist */,
			);
			path = ReaccionesQuimicas;
			sourceTree = "<group>";
		};
		46339A7A2076580900FB45F0 /* ReaccionesQuimicasTests */ = {
			isa = PBXGroup;
			children = (
				46339A7B2076580900FB45F0 /* ReaccionesQuimicasTests.swift */,
				46339A7D2076580900FB45F0 /* Info.plist */,
			);
			path = ReaccionesQuimicasTests;
			sourceTree = "<group>";
		};
		46339A852076580900FB45F0 /* ReaccionesQuimicasUITests */ = {
			isa = PBXGroup;
			children = (
				46339A862076580900FB45F0 /* ReaccionesQuimicasUITests.swift */,
				46339A882076580900FB45F0 /* Info.plist */,
			);
			path = ReaccionesQuimicasUITests;
			sourceTree = "<group>";
		};
/* End PBXGroup section */

/* Begin PBXNativeTarget section */
		46339A622076580800FB45F0 /* ReaccionesQuimicas */ = {
			isa = PBXNativeTarget;
			buildConfigurationList = 46339A8B2076580900FB45F0 /* Build configuration list for PBXNativeTarget "ReaccionesQuimicas" */;
			buildPhases = (
				46339A5F2076580800FB45F0 /* Sources */,
				46339A602076580800FB45F0 /* Frameworks */,
				46339A612076580800FB45F0 /* Resources */,
			);
			buildRules = (
			);
			dependencies = (
			);
			name = ReaccionesQuimicas;
			productName = ReaccionesQuimicas;
			productReference = 46339A632076580800FB45F0 /* ReaccionesQuimicas.app */;
			productType = "com.apple.product-type.application";
		};
		46339A762076580900FB45F0 /* ReaccionesQuimicasTests */ = {
			isa = PBXNativeTarget;
			buildConfigurationList = 46339A8E2076580900FB45F0 /* Build configuration list for PBXNativeTarget "ReaccionesQuimicasTests" */;
			buildPhases = (
				46339A732076580900FB45F0 /* Sources */,
				46339A742076580900FB45F0 /* Frameworks */,
				46339A752076580900FB45F0 /* Resources */,
			);
			buildRules = (
			);
			dependencies = (
				46339A792076580900FB45F0 /* PBXTargetDependency */,
			);
			name = ReaccionesQuimicasTests;
			productName = ReaccionesQuimicasTests;
			productReference = 46339A772076580900FB45F0 /* ReaccionesQuimicasTests.xctest */;
			productType = "com.apple.product-type.bundle.unit-test";
		};
		46339A812076580900FB45F0 /* ReaccionesQuimicasUITests */ = {
			isa = PBXNativeTarget;
			buildConfigurationList = 46339A912076580900FB45F0 /* Build configuration list for PBXNativeTarget "ReaccionesQuimicasUITests" */;
			buildPhases = (
				46339A7E2076580900FB45F0 /* Sources */,
				46339A7F2076580900FB45F0 /* Frameworks */,
				46339A802076580900FB45F0 /* Resources */,
			);
			buildRules = (
			);
			dependencies = (
				46339A842076580900FB45F0 /* PBXTargetDependency */,
			);
			name = ReaccionesQuimicasUITests;
			productName = ReaccionesQuimicasUITests;
			productReference = 46339A822076580900FB45F0 /* ReaccionesQuimicasUITests.xctest */;
			productType = "com.apple.product-type.bundle.ui-testing";
		};
/* End PBXNativeTarget section */

/* Begin PBXProject section */
		46339A5B2076580800FB45F0 /* Project object */ = {
			isa = PBXProject;
			attributes = {
				LastSwiftUpdateCheck = 0930;
				LastUpgradeCheck = 0930;
				ORGANIZATIONNAME = "Luis Alfonso Rojo Sánchez";
				TargetAttributes = {
					46339A622076580800FB45F0 = {
						CreatedOnToolsVersion = 9.3;
						ProvisioningStyle = Automatic;
					};
					46339A762076580900FB45F0 = {
						CreatedOnToolsVersion = 9.3;
						ProvisioningStyle = Automatic;
						TestTargetID = 46339A622076580800FB45F0;
					};
					46339A812076580900FB45F0 = {
						CreatedOnToolsVersion = 9.3;
						ProvisioningStyle = Automatic;
						TestTargetID = 46339A622076580800FB45F0;
					};
				};
			};
			buildConfigurationList = 46339A5E2076580800FB45F0 /* Build configuration list for PBXProject "ReaccionesQuimicas" */;
			compatibilityVersion = "Xcode 8.0";
			developmentRegion = en;
			hasScannedForEncodings = 0;
			knownRegions = (
				en,
				Base,
			);
			mainGroup = 46339A5A2076580800FB45F0;
			productRefGroup = 46339A642076580800FB45F0 /* Products */;
			projectDirPath = "";
			projectRoot = "";
			targets = (
				46339A622076580800FB45F0 /* ReaccionesQuimicas */,
				46339A762076580900FB45F0 /* ReaccionesQuimicasTests */,
				46339A812076580900FB45F0 /* ReaccionesQuimicasUITests */,
			);
		};
/* End PBXProject section */

/* Begin PBXResourcesBuildPhase section */
		46339A612076580800FB45F0 /* Resources */ = {
			isa = PBXResourcesBuildPhase;
			buildActionMask = 2147483647;
			files = (
				462D33552097B5A90030881A /* Butano.scn in Resources */,
				467E8E9620923DCE0079431F /* compuestos.json in Resources */,
				462D334D2097B5850030881A /* Metano.scn in Resources */,
				462D33452097B5620030881A /* VaporDeAgua.scn in Resources */,
				46339A712076580900FB45F0 /* LaunchScreen.storyboard in Resources */,
				462D33412097B5520030881A /* Metano.dae in Resources */,
				462D334F2097B5930030881A /* Glucosa.scn in Resources */,
				46339A6E2076580900FB45F0 /* Assets.xcassets in Resources */,
				462D33432097B5520030881A /* Fructuosa.dae in Resources */,
				462D333F2097B5520030881A /* VaporDeAgua.dae in Resources */,
				462D33422097B5520030881A /* Octano.dae in Resources */,
				462D33512097B59A0030881A /* Fructuosa.scn in Resources */,
				462D333D2097B5520030881A /* DioxidoDeCarbono.dae in Resources */,
				462D33572097BCE50030881A /* Oxigeno.scn in Resources */,
				462D33662097C4FB0030881A /* Main iPad.storyboard in Resources */,
				467E8E9520923DCE0079431F /* reacciones.json in Resources */,
				462D333C2097B5520030881A /* Butano.dae in Resources */,
				46339A9C20765AE100FB45F0 /* Main iPhone 8.storyboard in Resources */,
				462D33532097B5A20030881A /* DioxidoDeCarbono.scn in Resources */,
				462D334B2097B57D0030881A /* Octano.scn in Resources */,
				462D33402097B5520030881A /* Glucosa.dae in Resources */,
				462D33652097C4FB0030881A /* Main iPhone 8 Plus.storyboard in Resources */,
				462D333E2097B5520030881A /* Oxigeno.dae in Resources */,
				46339A6C2076580800FB45F0 /* Main.storyboard in Resources */,
				462D333B2097B5520030881A /* Sacarosa.dae in Resources */,
				462D33472097B5690030881A /* Sacarosa.scn in Resources */,
			);
			runOnlyForDeploymentPostprocessing = 0;
		};
		46339A752076580900FB45F0 /* Resources */ = {
			isa = PBXResourcesBuildPhase;
			buildActionMask = 2147483647;
			files = (
			);
			runOnlyForDeploymentPostprocessing = 0;
		};
		46339A802076580900FB45F0 /* Resources */ = {
			isa = PBXResourcesBuildPhase;
			buildActionMask = 2147483647;
			files = (
			);
			runOnlyForDeploymentPostprocessing = 0;
		};
/* End PBXResourcesBuildPhase section */

/* Begin PBXSourcesBuildPhase section */
		46339A5F2076580800FB45F0 /* Sources */ = {
			isa = PBXSourcesBuildPhase;
			buildActionMask = 2147483647;
			files = (
				46339A692076580800FB45F0 /* ViewController.swift in Sources */,
				46339A672076580800FB45F0 /* AppDelegate.swift in Sources */,
				467E8E9220922FA40079431F /* ViewController3.swift in Sources */,
				46B56E85208FC7A6007EECAE /* ViewController2.swift in Sources */,
				46A7CF892096CBBD00559822 /* ViewController5.swift in Sources */,
				46A7CF8B209782A400559822 /* ViewControllerModelo.swift in Sources */,
				4620CE3E2095112000FBCA18 /* ViewController4.swift in Sources */,
			);
			runOnlyForDeploymentPostprocessing = 0;
		};
		46339A732076580900FB45F0 /* Sources */ = {
			isa = PBXSourcesBuildPhase;
			buildActionMask = 2147483647;
			files = (
				46339A7C2076580900FB45F0 /* ReaccionesQuimicasTests.swift in Sources */,
			);
			runOnlyForDeploymentPostprocessing = 0;
		};
		46339A7E2076580900FB45F0 /* Sources */ = {
			isa = PBXSourcesBuildPhase;
			buildActionMask = 2147483647;
			files = (
				46339A872076580900FB45F0 /* ReaccionesQuimicasUITests.swift in Sources */,
			);
			runOnlyForDeploymentPostprocessing = 0;
		};
/* End PBXSourcesBuildPhase section */

/* Begin PBXTargetDependency section */
		46339A792076580900FB45F0 /* PBXTargetDependency */ = {
			isa = PBXTargetDependency;
			target = 46339A622076580800FB45F0 /* ReaccionesQuimicas */;
			targetProxy = 46339A782076580900FB45F0 /* PBXContainerItemProxy */;
		};
		46339A842076580900FB45F0 /* PBXTargetDependency */ = {
			isa = PBXTargetDependency;
			target = 46339A622076580800FB45F0 /* ReaccionesQuimicas */;
			targetProxy = 46339A832076580900FB45F0 /* PBXContainerItemProxy */;
		};
/* End PBXTargetDependency section */

/* Begin PBXVariantGroup section */
		462D33612097C4FB0030881A /* Main iPhone 8 Plus.storyboard */ = {
			isa = PBXVariantGroup;
			children = (
				462D33622097C4FB0030881A /* Base */,
			);
			name = "Main iPhone 8 Plus.storyboard";
			sourceTree = "<group>";
		};
		462D33632097C4FB0030881A /* Main iPad.storyboard */ = {
			isa = PBXVariantGroup;
			children = (
				462D33642097C4FB0030881A /* Base */,
			);
			name = "Main iPad.storyboard";
			sourceTree = "<group>";
		};
		46339A6A2076580800FB45F0 /* Main.storyboard */ = {
			isa = PBXVariantGroup;
			children = (
				46339A6B2076580800FB45F0 /* Base */,
			);
			name = Main.storyboard;
			sourceTree = "<group>";
		};
		46339A6F2076580900FB45F0 /* LaunchScreen.storyboard */ = {
			isa = PBXVariantGroup;
			children = (
				46339A702076580900FB45F0 /* Base */,
			);
			name = LaunchScreen.storyboard;
			sourceTree = "<group>";
		};
		46339A9820765AE100FB45F0 /* Main iPhone 8.storyboard */ = {
			isa = PBXVariantGroup;
			children = (
				46339A9920765AE100FB45F0 /* Base */,
			);
			name = "Main iPhone 8.storyboard";
			sourceTree = "<group>";
		};
/* End PBXVariantGroup section */

/* Begin XCBuildConfiguration section */
		46339A892076580900FB45F0 /* Debug */ = {
			isa = XCBuildConfiguration;
			buildSettings = {
				ALWAYS_SEARCH_USER_PATHS = NO;
				CLANG_ANALYZER_NONNULL = YES;
				CLANG_ANALYZER_NUMBER_OBJECT_CONVERSION = YES_AGGRESSIVE;
				CLANG_CXX_LANGUAGE_STANDARD = "gnu++14";
				CLANG_CXX_LIBRARY = "libc++";
				CLANG_ENABLE_MODULES = YES;
				CLANG_ENABLE_OBJC_ARC = YES;
				CLANG_ENABLE_OBJC_WEAK = YES;
				CLANG_WARN_BLOCK_CAPTURE_AUTORELEASING = YES;
				CLANG_WARN_BOOL_CONVERSION = YES;
				CLANG_WARN_COMMA = YES;
				CLANG_WARN_CONSTANT_CONVERSION = YES;
				CLANG_WARN_DEPRECATED_OBJC_IMPLEMENTATIONS = YES;
				CLANG_WARN_DIRECT_OBJC_ISA_USAGE = YES_ERROR;
				CLANG_WARN_DOCUMENTATION_COMMENTS = YES;
				CLANG_WARN_EMPTY_BODY = YES;
				CLANG_WARN_ENUM_CONVERSION = YES;
				CLANG_WARN_INFINITE_RECURSION = YES;
				CLANG_WARN_INT_CONVERSION = YES;
				CLANG_WARN_NON_LITERAL_NULL_CONVERSION = YES;
				CLANG_WARN_OBJC_IMPLICIT_RETAIN_SELF = YES;
				CLANG_WARN_OBJC_LITERAL_CONVERSION = YES;
				CLANG_WARN_OBJC_ROOT_CLASS = YES_ERROR;
				CLANG_WARN_RANGE_LOOP_ANALYSIS = YES;
				CLANG_WARN_STRICT_PROTOTYPES = YES;
				CLANG_WARN_SUSPICIOUS_MOVE = YES;
				CLANG_WARN_UNGUARDED_AVAILABILITY = YES_AGGRESSIVE;
				CLANG_WARN_UNREACHABLE_CODE = YES;
				CLANG_WARN__DUPLICATE_METHOD_MATCH = YES;
				CODE_SIGN_IDENTITY = "iPhone Developer";
				COPY_PHASE_STRIP = NO;
				DEBUG_INFORMATION_FORMAT = dwarf;
				ENABLE_STRICT_OBJC_MSGSEND = YES;
				ENABLE_TESTABILITY = YES;
				GCC_C_LANGUAGE_STANDARD = gnu11;
				GCC_DYNAMIC_NO_PIC = NO;
				GCC_NO_COMMON_BLOCKS = YES;
				GCC_OPTIMIZATION_LEVEL = 0;
				GCC_PREPROCESSOR_DEFINITIONS = (
					"DEBUG=1",
					"$(inherited)",
				);
				GCC_WARN_64_TO_32_BIT_CONVERSION = YES;
				GCC_WARN_ABOUT_RETURN_TYPE = YES_ERROR;
				GCC_WARN_UNDECLARED_SELECTOR = YES;
				GCC_WARN_UNINITIALIZED_AUTOS = YES_AGGRESSIVE;
				GCC_WARN_UNUSED_FUNCTION = YES;
				GCC_WARN_UNUSED_VARIABLE = YES;
				IPHONEOS_DEPLOYMENT_TARGET = 11.3;
				MTL_ENABLE_DEBUG_INFO = YES;
				ONLY_ACTIVE_ARCH = YES;
				SDKROOT = iphoneos;
				SWIFT_ACTIVE_COMPILATION_CONDITIONS = DEBUG;
				SWIFT_OPTIMIZATION_LEVEL = "-Onone";
			};
			name = Debug;
		};
		46339A8A2076580900FB45F0 /* Release */ = {
			isa = XCBuildConfiguration;
			buildSettings = {
				ALWAYS_SEARCH_USER_PATHS = NO;
				CLANG_ANALYZER_NONNULL = YES;
				CLANG_ANALYZER_NUMBER_OBJECT_CONVERSION = YES_AGGRESSIVE;
				CLANG_CXX_LANGUAGE_STANDARD = "gnu++14";
				CLANG_CXX_LIBRARY = "libc++";
				CLANG_ENABLE_MODULES = YES;
				CLANG_ENABLE_OBJC_ARC = YES;
				CLANG_ENABLE_OBJC_WEAK = YES;
				CLANG_WARN_BLOCK_CAPTURE_AUTORELEASING = YES;
				CLANG_WARN_BOOL_CONVERSION = YES;
				CLANG_WARN_COMMA = YES;
				CLANG_WARN_CONSTANT_CONVERSION = YES;
				CLANG_WARN_DEPRECATED_OBJC_IMPLEMENTATIONS = YES;
				CLANG_WARN_DIRECT_OBJC_ISA_USAGE = YES_ERROR;
				CLANG_WARN_DOCUMENTATION_COMMENTS = YES;
				CLANG_WARN_EMPTY_BODY = YES;
				CLANG_WARN_ENUM_CONVERSION = YES;
				CLANG_WARN_INFINITE_RECURSION = YES;
				CLANG_WARN_INT_CONVERSION = YES;
				CLANG_WARN_NON_LITERAL_NULL_CONVERSION = YES;
				CLANG_WARN_OBJC_IMPLICIT_RETAIN_SELF = YES;
				CLANG_WARN_OBJC_LITERAL_CONVERSION = YES;
				CLANG_WARN_OBJC_ROOT_CLASS = YES_ERROR;
				CLANG_WARN_RANGE_LOOP_ANALYSIS = YES;
				CLANG_WARN_STRICT_PROTOTYPES = YES;
				CLANG_WARN_SUSPICIOUS_MOVE = YES;
				CLANG_WARN_UNGUARDED_AVAILABILITY = YES_AGGRESSIVE;
				CLANG_WARN_UNREACHABLE_CODE = YES;
				CLANG_WARN__DUPLICATE_METHOD_MATCH = YES;
				CODE_SIGN_IDENTITY = "iPhone Developer";
				COPY_PHASE_STRIP = NO;
				DEBUG_INFORMATION_FORMAT = "dwarf-with-dsym";
				ENABLE_NS_ASSERTIONS = NO;
				ENABLE_STRICT_OBJC_MSGSEND = YES;
				GCC_C_LANGUAGE_STANDARD = gnu11;
				GCC_NO_COMMON_BLOCKS = YES;
				GCC_WARN_64_TO_32_BIT_CONVERSION = YES;
				GCC_WARN_ABOUT_RETURN_TYPE = YES_ERROR;
				GCC_WARN_UNDECLARED_SELECTOR = YES;
				GCC_WARN_UNINITIALIZED_AUTOS = YES_AGGRESSIVE;
				GCC_WARN_UNUSED_FUNCTION = YES;
				GCC_WARN_UNUSED_VARIABLE = YES;
				IPHONEOS_DEPLOYMENT_TARGET = 11.3;
				MTL_ENABLE_DEBUG_INFO = NO;
				SDKROOT = iphoneos;
				SWIFT_OPTIMIZATION_LEVEL = "-Owholemodule";
				VALIDATE_PRODUCT = YES;
			};
			name = Release;
		};
		46339A8C2076580900FB45F0 /* Debug */ = {
			isa = XCBuildConfiguration;
			buildSettings = {
				ASSETCATALOG_COMPILER_APPICON_NAME = AppIcon;
				CODE_SIGN_STYLE = Automatic;
				DEVELOPMENT_TEAM = 7K7MB6WB24;
				INFOPLIST_FILE = ReaccionesQuimicas/Info.plist;
				IPHONEOS_DEPLOYMENT_TARGET = 11.0;
				LD_RUNPATH_SEARCH_PATHS = "$(inherited) @executable_path/Frameworks";
				PRODUCT_BUNDLE_IDENTIFIER = ITESM.ReaccionesQuimicas;
				PRODUCT_NAME = "$(TARGET_NAME)";
				SWIFT_VERSION = 4.0;
				TARGETED_DEVICE_FAMILY = "1,2";
			};
			name = Debug;
		};
		46339A8D2076580900FB45F0 /* Release */ = {
			isa = XCBuildConfiguration;
			buildSettings = {
				ASSETCATALOG_COMPILER_APPICON_NAME = AppIcon;
				CODE_SIGN_STYLE = Automatic;
				DEVELOPMENT_TEAM = 7K7MB6WB24;
				INFOPLIST_FILE = ReaccionesQuimicas/Info.plist;
				IPHONEOS_DEPLOYMENT_TARGET = 11.0;
				LD_RUNPATH_SEARCH_PATHS = "$(inherited) @executable_path/Frameworks";
				PRODUCT_BUNDLE_IDENTIFIER = ITESM.ReaccionesQuimicas;
				PRODUCT_NAME = "$(TARGET_NAME)";
				SWIFT_VERSION = 4.0;
				TARGETED_DEVICE_FAMILY = "1,2";
			};
			name = Release;
		};
		46339A8F2076580900FB45F0 /* Debug */ = {
			isa = XCBuildConfiguration;
			buildSettings = {
				ALWAYS_EMBED_SWIFT_STANDARD_LIBRARIES = YES;
				BUNDLE_LOADER = "$(TEST_HOST)";
				CODE_SIGN_STYLE = Automatic;
				INFOPLIST_FILE = ReaccionesQuimicasTests/Info.plist;
				LD_RUNPATH_SEARCH_PATHS = "$(inherited) @executable_path/Frameworks @loader_path/Frameworks";
				PRODUCT_BUNDLE_IDENTIFIER = ITESM.ReaccionesQuimicasTests;
				PRODUCT_NAME = "$(TARGET_NAME)";
				SWIFT_VERSION = 4.0;
				TARGETED_DEVICE_FAMILY = "1,2";
				TEST_HOST = "$(BUILT_PRODUCTS_DIR)/ReaccionesQuimicas.app/ReaccionesQuimicas";
			};
			name = Debug;
		};
		46339A902076580900FB45F0 /* Release */ = {
			isa = XCBuildConfiguration;
			buildSettings = {
				ALWAYS_EMBED_SWIFT_STANDARD_LIBRARIES = YES;
				BUNDLE_LOADER = "$(TEST_HOST)";
				CODE_SIGN_STYLE = Automatic;
				INFOPLIST_FILE = ReaccionesQuimicasTests/Info.plist;
				LD_RUNPATH_SEARCH_PATHS = "$(inherited) @executable_path/Frameworks @loader_path/Frameworks";
				PRODUCT_BUNDLE_IDENTIFIER = ITESM.ReaccionesQuimicasTests;
				PRODUCT_NAME = "$(TARGET_NAME)";
				SWIFT_VERSION = 4.0;
				TARGETED_DEVICE_FAMILY = "1,2";
				TEST_HOST = "$(BUILT_PRODUCTS_DIR)/ReaccionesQuimicas.app/ReaccionesQuimicas";
			};
			name = Release;
		};
		46339A922076580900FB45F0 /* Debug */ = {
			isa = XCBuildConfiguration;
			buildSettings = {
				ALWAYS_EMBED_SWIFT_STANDARD_LIBRARIES = YES;
				CODE_SIGN_STYLE = Automatic;
				INFOPLIST_FILE = ReaccionesQuimicasUITests/Info.plist;
				LD_RUNPATH_SEARCH_PATHS = "$(inherited) @executable_path/Frameworks @loader_path/Frameworks";
				PRODUCT_BUNDLE_IDENTIFIER = ITESM.ReaccionesQuimicasUITests;
				PRODUCT_NAME = "$(TARGET_NAME)";
				SWIFT_VERSION = 4.0;
				TARGETED_DEVICE_FAMILY = "1,2";
				TEST_TARGET_NAME = ReaccionesQuimicas;
			};
			name = Debug;
		};
		46339A932076580900FB45F0 /* Release */ = {
			isa = XCBuildConfiguration;
			buildSettings = {
				ALWAYS_EMBED_SWIFT_STANDARD_LIBRARIES = YES;
				CODE_SIGN_STYLE = Automatic;
				INFOPLIST_FILE = ReaccionesQuimicasUITests/Info.plist;
				LD_RUNPATH_SEARCH_PATHS = "$(inherited) @executable_path/Frameworks @loader_path/Frameworks";
				PRODUCT_BUNDLE_IDENTIFIER = ITESM.ReaccionesQuimicasUITests;
				PRODUCT_NAME = "$(TARGET_NAME)";
				SWIFT_VERSION = 4.0;
				TARGETED_DEVICE_FAMILY = "1,2";
				TEST_TARGET_NAME = ReaccionesQuimicas;
			};
			name = Release;
		};
/* End XCBuildConfiguration section */

/* Begin XCConfigurationList section */
		46339A5E2076580800FB45F0 /* Build configuration list for PBXProject "ReaccionesQuimicas" */ = {
			isa = XCConfigurationList;
			buildConfigurations = (
				46339A892076580900FB45F0 /* Debug */,
				46339A8A2076580900FB45F0 /* Release */,
			);
			defaultConfigurationIsVisible = 0;
			defaultConfigurationName = Release;
		};
		46339A8B2076580900FB45F0 /* Build configuration list for PBXNativeTarget "ReaccionesQuimicas" */ = {
			isa = XCConfigurationList;
			buildConfigurations = (
				46339A8C2076580900FB45F0 /* Debug */,
				46339A8D2076580900FB45F0 /* Release */,
			);
			defaultConfigurationIsVisible = 0;
			defaultConfigurationName = Release;
		};
		46339A8E2076580900FB45F0 /* Build configuration list for PBXNativeTarget "ReaccionesQuimicasTests" */ = {
			isa = XCConfigurationList;
			buildConfigurations = (
				46339A8F2076580900FB45F0 /* Debug */,
				46339A902076580900FB45F0 /* Release */,
			);
			defaultConfigurationIsVisible = 0;
			defaultConfigurationName = Release;
		};
		46339A912076580900FB45F0 /* Build configuration list for PBXNativeTarget "ReaccionesQuimicasUITests" */ = {
			isa = XCConfigurationList;
			buildConfigurations = (
				46339A922076580900FB45F0 /* Debug */,
				46339A932076580900FB45F0 /* Release */,
			);
			defaultConfigurationIsVisible = 0;
			defaultConfigurationName = Release;
		};
/* End XCConfigurationList section */
	};
	rootObject = 46339A5B2076580800FB45F0 /* Project object */;
}
